
Microsoft Visual Studio Solution File, Format Version 12.00
# Visual Studio Version 17
VisualStudioVersion = 17.8.34511.84
MinimumVisualStudioVersion = 10.0.40219.1
Project("{FAE04EC0-301F-11D3-BF4B-00C04F79EFBC}") = "Generics Practica and Task", "Generics Practica and Task\Generics Practica and Task.csproj", "{4848F7C1-E552-49D9-ACF3-BCD6E296916A}"
EndProject
Global
	GlobalSection(SolutionConfigurationPlatforms) = preSolution
		Debug|Any CPU = Debug|Any CPU
		Release|Any CPU = Release|Any CPU
	EndGlobalSection
	GlobalSection(ProjectConfigurationPlatforms) = postSolution
		{4848F7C1-E552-49D9-ACF3-BCD6E296916A}.Debug|Any CPU.ActiveCfg = Debug|Any CPU
		{4848F7C1-E552-49D9-ACF3-BCD6E296916A}.Debug|Any CPU.Build.0 = Debug|Any CPU
		{4848F7C1-E552-49D9-ACF3-BCD6E296916A}.Release|Any CPU.ActiveCfg = Release|Any CPU
		{4848F7C1-E552-49D9-ACF3-BCD6E296916A}.Release|Any CPU.Build.0 = Release|Any CPU
	EndGlobalSection
	GlobalSection(SolutionProperties) = preSolution
		HideSolutionNode = FALSE
	EndGlobalSection
	GlobalSection(ExtensibilityGlobals) = postSolution
		SolutionGuid = {113DC5BD-CEDC-4E09-9D4F-C24012CDD529}
	EndGlobalSection
EndGlobal
